// !$*UTF8*$!
{
	archiveVersion = 1;
	classes = {
	};
	objectVersion = 50;
	objects = {

/* Begin PBXBuildFile section */
		19804801269E9FFC00670B2B /* ARViewContainer.swift in Sources */ = {isa = PBXBuildFile; fileRef = 19804800269E9FFC00670B2B /* ARViewContainer.swift */; };
		19804807269EA0C100670B2B /* Barcode.swift in Sources */ = {isa = PBXBuildFile; fileRef = 19804806269EA0C100670B2B /* Barcode.swift */; };
		19804809269EA42600670B2B /* ScannedRecords.swift in Sources */ = {isa = PBXBuildFile; fileRef = 19804808269EA42600670B2B /* ScannedRecords.swift */; };
		19C4D518269DCEDF000AA6AF /* AppDelegate.swift in Sources */ = {isa = PBXBuildFile; fileRef = 19C4D517269DCEDF000AA6AF /* AppDelegate.swift */; };
		19C4D51A269DCEDF000AA6AF /* ContentView.swift in Sources */ = {isa = PBXBuildFile; fileRef = 19C4D519269DCEDF000AA6AF /* ContentView.swift */; };
		19C4D51C269DCEDF000AA6AF /* Experience.rcproject in Sources */ = {isa = PBXBuildFile; fileRef = 19C4D51B269DCEDF000AA6AF /* Experience.rcproject */; };
		19C4D51E269DCEE3000AA6AF /* Assets.xcassets in Resources */ = {isa = PBXBuildFile; fileRef = 19C4D51D269DCEE3000AA6AF /* Assets.xcassets */; };
		19C4D521269DCEE3000AA6AF /* Preview Assets.xcassets in Resources */ = {isa = PBXBuildFile; fileRef = 19C4D520269DCEE3000AA6AF /* Preview Assets.xcassets */; };
		19C4D52C269DCEE3000AA6AF /* ARBarcodeTests.swift in Sources */ = {isa = PBXBuildFile; fileRef = 19C4D52B269DCEE3000AA6AF /* ARBarcodeTests.swift */; };
		19C4D537269DCEE3000AA6AF /* ARBarcodeUITests.swift in Sources */ = {isa = PBXBuildFile; fileRef = 19C4D536269DCEE3000AA6AF /* ARBarcodeUITests.swift */; };
/* End PBXBuildFile section */

/* Begin PBXContainerItemProxy section */
		19C4D528269DCEE3000AA6AF /* PBXContainerItemProxy */ = {
			isa = PBXContainerItemProxy;
			containerPortal = 19C4D50C269DCEDF000AA6AF /* Project object */;
			proxyType = 1;
			remoteGlobalIDString = 19C4D513269DCEDF000AA6AF;
			remoteInfo = ARBarcode;
		};
		19C4D533269DCEE3000AA6AF /* PBXContainerItemProxy */ = {
			isa = PBXContainerItemProxy;
			containerPortal = 19C4D50C269DCEDF000AA6AF /* Project object */;
			proxyType = 1;
			remoteGlobalIDString = 19C4D513269DCEDF000AA6AF;
			remoteInfo = ARBarcode;
		};
/* End PBXContainerItemProxy section */

/* Begin PBXFileReference section */
		19804800269E9FFC00670B2B /* ARViewContainer.swift */ = {isa = PBXFileReference; lastKnownFileType = sourcecode.swift; path = ARViewContainer.swift; sourceTree = "<group>"; };
		19804806269EA0C100670B2B /* Barcode.swift */ = {isa = PBXFileReference; lastKnownFileType = sourcecode.swift; path = Barcode.swift; sourceTree = "<group>"; };
		19804808269EA42600670B2B /* ScannedRecords.swift */ = {isa = PBXFileReference; lastKnownFileType = sourcecode.swift; path = ScannedRecords.swift; sourceTree = "<group>"; };
		19C4D514269DCEDF000AA6AF /* ARBarcode.app */ = {isa = PBXFileReference; explicitFileType = wrapper.application; includeInIndex = 0; path = ARBarcode.app; sourceTree = BUILT_PRODUCTS_DIR; };
		19C4D517269DCEDF000AA6AF /* AppDelegate.swift */ = {isa = PBXFileReference; lastKnownFileType = sourcecode.swift; path = AppDelegate.swift; sourceTree = "<group>"; };
		19C4D519269DCEDF000AA6AF /* ContentView.swift */ = {isa = PBXFileReference; lastKnownFileType = sourcecode.swift; path = ContentView.swift; sourceTree = "<group>"; };
		19C4D51B269DCEDF000AA6AF /* Experience.rcproject */ = {isa = PBXFileReference; lastKnownFileType = file.rcproject; path = Experience.rcproject; sourceTree = "<group>"; };
		19C4D51D269DCEE3000AA6AF /* Assets.xcassets */ = {isa = PBXFileReference; lastKnownFileType = folder.assetcatalog; path = Assets.xcassets; sourceTree = "<group>"; };
		19C4D520269DCEE3000AA6AF /* Preview Assets.xcassets */ = {isa = PBXFileReference; lastKnownFileType = folder.assetcatalog; path = "Preview Assets.xcassets"; sourceTree = "<group>"; };
		19C4D522269DCEE3000AA6AF /* Info.plist */ = {isa = PBXFileReference; lastKnownFileType = text.plist.xml; path = Info.plist; sourceTree = "<group>"; };
		19C4D527269DCEE3000AA6AF /* ARBarcodeTests.xctest */ = {isa = PBXFileReference; explicitFileType = wrapper.cfbundle; includeInIndex = 0; path = ARBarcodeTests.xctest; sourceTree = BUILT_PRODUCTS_DIR; };
		19C4D52B269DCEE3000AA6AF /* ARBarcodeTests.swift */ = {isa = PBXFileReference; lastKnownFileType = sourcecode.swift; path = ARBarcodeTests.swift; sourceTree = "<group>"; };
		19C4D52D269DCEE3000AA6AF /* Info.plist */ = {isa = PBXFileReference; lastKnownFileType = text.plist.xml; path = Info.plist; sourceTree = "<group>"; };
		19C4D532269DCEE3000AA6AF /* ARBarcodeUITests.xctest */ = {isa = PBXFileReference; explicitFileType = wrapper.cfbundle; includeInIndex = 0; path = ARBarcodeUITests.xctest; sourceTree = BUILT_PRODUCTS_DIR; };
		19C4D536269DCEE3000AA6AF /* ARBarcodeUITests.swift */ = {isa = PBXFileReference; lastKnownFileType = sourcecode.swift; path = ARBarcodeUITests.swift; sourceTree = "<group>"; };
		19C4D538269DCEE3000AA6AF /* Info.plist */ = {isa = PBXFileReference; lastKnownFileType = text.plist.xml; path = Info.plist; sourceTree = "<group>"; };
/* End PBXFileReference section */

/* Begin PBXFrameworksBuildPhase section */
		19C4D511269DCEDF000AA6AF /* Frameworks */ = {
			isa = PBXFrameworksBuildPhase;
			buildActionMask = 2147483647;
			files = (
			);
			runOnlyForDeploymentPostprocessing = 0;
		};
		19C4D524269DCEE3000AA6AF /* Frameworks */ = {
			isa = PBXFrameworksBuildPhase;
			buildActionMask = 2147483647;
			files = (
			);
			runOnlyForDeploymentPostprocessing = 0;
		};
		19C4D52F269DCEE3000AA6AF /* Frameworks */ = {
			isa = PBXFrameworksBuildPhase;
			buildActionMask = 2147483647;
			files = (
			);
			runOnlyForDeploymentPostprocessing = 0;
		};
/* End PBXFrameworksBuildPhase section */

/* Begin PBXGroup section */
		19C4D50B269DCEDF000AA6AF = {
			isa = PBXGroup;
			children = (
				19C4D516269DCEDF000AA6AF /* ARBarcode */,
				19C4D52A269DCEE3000AA6AF /* ARBarcodeTests */,
				19C4D535269DCEE3000AA6AF /* ARBarcodeUITests */,
				19C4D515269DCEDF000AA6AF /* Products */,
			);
			sourceTree = "<group>";
		};
		19C4D515269DCEDF000AA6AF /* Products */ = {
			isa = PBXGroup;
			children = (
				19C4D514269DCEDF000AA6AF /* ARBarcode.app */,
				19C4D527269DCEE3000AA6AF /* ARBarcodeTests.xctest */,
				19C4D532269DCEE3000AA6AF /* ARBarcodeUITests.xctest */,
			);
			name = Products;
			sourceTree = "<group>";
		};
		19C4D516269DCEDF000AA6AF /* ARBarcode */ = {
			isa = PBXGroup;
			children = (
				19C4D517269DCEDF000AA6AF /* AppDelegate.swift */,
				19C4D519269DCEDF000AA6AF /* ContentView.swift */,
				19C4D51B269DCEDF000AA6AF /* Experience.rcproject */,
				19C4D51D269DCEE3000AA6AF /* Assets.xcassets */,
				19C4D522269DCEE3000AA6AF /* Info.plist */,
				19C4D51F269DCEE3000AA6AF /* Preview Content */,
				19804800269E9FFC00670B2B /* ARViewContainer.swift */,
				19804806269EA0C100670B2B /* Barcode.swift */,
				19804808269EA42600670B2B /* ScannedRecords.swift */,
			);
			path = ARBarcode;
			sourceTree = "<group>";
		};
		19C4D51F269DCEE3000AA6AF /* Preview Content */ = {
			isa = PBXGroup;
			children = (
				19C4D520269DCEE3000AA6AF /* Preview Assets.xcassets */,
			);
			path = "Preview Content";
			sourceTree = "<group>";
		};
		19C4D52A269DCEE3000AA6AF /* ARBarcodeTests */ = {
			isa = PBXGroup;
			children = (
				19C4D52B269DCEE3000AA6AF /* ARBarcodeTests.swift */,
				19C4D52D269DCEE3000AA6AF /* Info.plist */,
			);
			path = ARBarcodeTests;
			sourceTree = "<group>";
		};
		19C4D535269DCEE3000AA6AF /* ARBarcodeUITests */ = {
			isa = PBXGroup;
			children = (
				19C4D536269DCEE3000AA6AF /* ARBarcodeUITests.swift */,
				19C4D538269DCEE3000AA6AF /* Info.plist */,
			);
			path = ARBarcodeUITests;
			sourceTree = "<group>";
		};
/* End PBXGroup section */

/* Begin PBXNativeTarget section */
		19C4D513269DCEDF000AA6AF /* ARBarcode */ = {
			isa = PBXNativeTarget;
			buildConfigurationList = 19C4D53B269DCEE3000AA6AF /* Build configuration list for PBXNativeTarget "ARBarcode" */;
			buildPhases = (
				19C4D510269DCEDF000AA6AF /* Sources */,
				19C4D511269DCEDF000AA6AF /* Frameworks */,
				19C4D512269DCEDF000AA6AF /* Resources */,
			);
			buildRules = (
			);
			dependencies = (
			);
			name = ARBarcode;
			productName = ARBarcode;
			productReference = 19C4D514269DCEDF000AA6AF /* ARBarcode.app */;
			productType = "com.apple.product-type.application";
		};
		19C4D526269DCEE3000AA6AF /* ARBarcodeTests */ = {
			isa = PBXNativeTarget;
			buildConfigurationList = 19C4D53E269DCEE3000AA6AF /* Build configuration list for PBXNativeTarget "ARBarcodeTests" */;
			buildPhases = (
				19C4D523269DCEE3000AA6AF /* Sources */,
				19C4D524269DCEE3000AA6AF /* Frameworks */,
				19C4D525269DCEE3000AA6AF /* Resources */,
			);
			buildRules = (
			);
			dependencies = (
				19C4D529269DCEE3000AA6AF /* PBXTargetDependency */,
			);
			name = ARBarcodeTests;
			productName = ARBarcodeTests;
			productReference = 19C4D527269DCEE3000AA6AF /* ARBarcodeTests.xctest */;
			productType = "com.apple.product-type.bundle.unit-test";
		};
		19C4D531269DCEE3000AA6AF /* ARBarcodeUITests */ = {
			isa = PBXNativeTarget;
			buildConfigurationList = 19C4D541269DCEE3000AA6AF /* Build configuration list for PBXNativeTarget "ARBarcodeUITests" */;
			buildPhases = (
				19C4D52E269DCEE3000AA6AF /* Sources */,
				19C4D52F269DCEE3000AA6AF /* Frameworks */,
				19C4D530269DCEE3000AA6AF /* Resources */,
			);
			buildRules = (
			);
			dependencies = (
				19C4D534269DCEE3000AA6AF /* PBXTargetDependency */,
			);
			name = ARBarcodeUITests;
			productName = ARBarcodeUITests;
			productReference = 19C4D532269DCEE3000AA6AF /* ARBarcodeUITests.xctest */;
			productType = "com.apple.product-type.bundle.ui-testing";
		};
/* End PBXNativeTarget section */

/* Begin PBXProject section */
		19C4D50C269DCEDF000AA6AF /* Project object */ = {
			isa = PBXProject;
			attributes = {
				LastSwiftUpdateCheck = 1250;
				LastUpgradeCheck = 1250;
				TargetAttributes = {
					19C4D513269DCEDF000AA6AF = {
						CreatedOnToolsVersion = 12.5.1;
					};
					19C4D526269DCEE3000AA6AF = {
						CreatedOnToolsVersion = 12.5.1;
						TestTargetID = 19C4D513269DCEDF000AA6AF;
					};
					19C4D531269DCEE3000AA6AF = {
						CreatedOnToolsVersion = 12.5.1;
						TestTargetID = 19C4D513269DCEDF000AA6AF;
					};
				};
			};
			buildConfigurationList = 19C4D50F269DCEDF000AA6AF /* Build configuration list for PBXProject "ARBarcode" */;
			compatibilityVersion = "Xcode 9.3";
			developmentRegion = en;
			hasScannedForEncodings = 0;
			knownRegions = (
				en,
				Base,
			);
			mainGroup = 19C4D50B269DCEDF000AA6AF;
			productRefGroup = 19C4D515269DCEDF000AA6AF /* Products */;
			projectDirPath = "";
			projectRoot = "";
			targets = (
				19C4D513269DCEDF000AA6AF /* ARBarcode */,
				19C4D526269DCEE3000AA6AF /* ARBarcodeTests */,
				19C4D531269DCEE3000AA6AF /* ARBarcodeUITests */,
			);
		};
/* End PBXProject section */

/* Begin PBXResourcesBuildPhase section */
		19C4D512269DCEDF000AA6AF /* Resources */ = {
			isa = PBXResourcesBuildPhase;
			buildActionMask = 2147483647;
			files = (
				19C4D521269DCEE3000AA6AF /* Preview Assets.xcassets in Resources */,
				19C4D51E269DCEE3000AA6AF /* Assets.xcassets in Resources */,
			);
			runOnlyForDeploymentPostprocessing = 0;
		};
		19C4D525269DCEE3000AA6AF /* Resources */ = {
			isa = PBXResourcesBuildPhase;
			buildActionMask = 2147483647;
			files = (
			);
			runOnlyForDeploymentPostprocessing = 0;
		};
		19C4D530269DCEE3000AA6AF /* Resources */ = {
			isa = PBXResourcesBuildPhase;
			buildActionMask = 2147483647;
			files = (
			);
			runOnlyForDeploymentPostprocessing = 0;
		};
/* End PBXResourcesBuildPhase section */

/* Begin PBXSourcesBuildPhase section */
		19C4D510269DCEDF000AA6AF /* Sources */ = {
			isa = PBXSourcesBuildPhase;
			buildActionMask = 2147483647;
			files = (
				19804807269EA0C100670B2B /* Barcode.swift in Sources */,
				19804809269EA42600670B2B /* ScannedRecords.swift in Sources */,
				19C4D51A269DCEDF000AA6AF /* ContentView.swift in Sources */,
				19804801269E9FFC00670B2B /* ARViewContainer.swift in Sources */,
				19C4D518269DCEDF000AA6AF /* AppDelegate.swift in Sources */,
				19C4D51C269DCEDF000AA6AF /* Experience.rcproject in Sources */,
			);
			runOnlyForDeploymentPostprocessing = 0;
		};
		19C4D523269DCEE3000AA6AF /* Sources */ = {
			isa = PBXSourcesBuildPhase;
			buildActionMask = 2147483647;
			files = (
				19C4D52C269DCEE3000AA6AF /* ARBarcodeTests.swift in Sources */,
			);
			runOnlyForDeploymentPostprocessing = 0;
		};
		19C4D52E269DCEE3000AA6AF /* Sources */ = {
			isa = PBXSourcesBuildPhase;
			buildActionMask = 2147483647;
			files = (
				19C4D537269DCEE3000AA6AF /* ARBarcodeUITests.swift in Sources */,
			);
			runOnlyForDeploymentPostprocessing = 0;
		};
/* End PBXSourcesBuildPhase section */

/* Begin PBXTargetDependency section */
		19C4D529269DCEE3000AA6AF /* PBXTargetDependency */ = {
			isa = PBXTargetDependency;
			target = 19C4D513269DCEDF000AA6AF /* ARBarcode */;
			targetProxy = 19C4D528269DCEE3000AA6AF /* PBXContainerItemProxy */;
		};
		19C4D534269DCEE3000AA6AF /* PBXTargetDependency */ = {
			isa = PBXTargetDependency;
			target = 19C4D513269DCEDF000AA6AF /* ARBarcode */;
			targetProxy = 19C4D533269DCEE3000AA6AF /* PBXContainerItemProxy */;
		};
/* End PBXTargetDependency section */

/* Begin XCBuildConfiguration section */
		19C4D539269DCEE3000AA6AF /* Debug */ = {
			isa = XCBuildConfiguration;
			buildSettings = {
				ALWAYS_SEARCH_USER_PATHS = NO;
				CLANG_ANALYZER_NONNULL = YES;
				CLANG_ANALYZER_NUMBER_OBJECT_CONVERSION = YES_AGGRESSIVE;
				CLANG_CXX_LANGUAGE_STANDARD = "gnu++14";
				CLANG_CXX_LIBRARY = "libc++";
				CLANG_ENABLE_MODULES = YES;
				CLANG_ENABLE_OBJC_ARC = YES;
				CLANG_ENABLE_OBJC_WEAK = YES;
				CLANG_WARN_BLOCK_CAPTURE_AUTORELEASING = YES;
				CLANG_WARN_BOOL_CONVERSION = YES;
				CLANG_WARN_COMMA = YES;
				CLANG_WARN_CONSTANT_CONVERSION = YES;
				CLANG_WARN_DEPRECATED_OBJC_IMPLEMENTATIONS = YES;
				CLANG_WARN_DIRECT_OBJC_ISA_USAGE = YES_ERROR;
				CLANG_WARN_DOCUMENTATION_COMMENTS = YES;
				CLANG_WARN_EMPTY_BODY = YES;
				CLANG_WARN_ENUM_CONVERSION = YES;
				CLANG_WARN_INFINITE_RECURSION = YES;
				CLANG_WARN_INT_CONVERSION = YES;
				CLANG_WARN_NON_LITERAL_NULL_CONVERSION = YES;
				CLANG_WARN_OBJC_IMPLICIT_RETAIN_SELF = YES;
				CLANG_WARN_OBJC_LITERAL_CONVERSION = YES;
				CLANG_WARN_OBJC_ROOT_CLASS = YES_ERROR;
				CLANG_WARN_QUOTED_INCLUDE_IN_FRAMEWORK_HEADER = YES;
				CLANG_WARN_RANGE_LOOP_ANALYSIS = YES;
				CLANG_WARN_STRICT_PROTOTYPES = YES;
				CLANG_WARN_SUSPICIOUS_MOVE = YES;
				CLANG_WARN_UNGUARDED_AVAILABILITY = YES_AGGRESSIVE;
				CLANG_WARN_UNREACHABLE_CODE = YES;
				CLANG_WARN__DUPLICATE_METHOD_MATCH = YES;
				COPY_PHASE_STRIP = NO;
				DEBUG_INFORMATION_FORMAT = dwarf;
				ENABLE_STRICT_OBJC_MSGSEND = YES;
				ENABLE_TESTABILITY = YES;
				GCC_C_LANGUAGE_STANDARD = gnu11;
				GCC_DYNAMIC_NO_PIC = NO;
				GCC_NO_COMMON_BLOCKS = YES;
				GCC_OPTIMIZATION_LEVEL = 0;
				GCC_PREPROCESSOR_DEFINITIONS = (
					"DEBUG=1",
					"$(inherited)",
				);
				GCC_WARN_64_TO_32_BIT_CONVERSION = YES;
				GCC_WARN_ABOUT_RETURN_TYPE = YES_ERROR;
				GCC_WARN_UNDECLARED_SELECTOR = YES;
				GCC_WARN_UNINITIALIZED_AUTOS = YES_AGGRESSIVE;
				GCC_WARN_UNUSED_FUNCTION = YES;
				GCC_WARN_UNUSED_VARIABLE = YES;
				IPHONEOS_DEPLOYMENT_TARGET = 14.5;
				MTL_ENABLE_DEBUG_INFO = INCLUDE_SOURCE;
				MTL_FAST_MATH = YES;
				ONLY_ACTIVE_ARCH = YES;
				SDKROOT = iphoneos;
				SWIFT_ACTIVE_COMPILATION_CONDITIONS = DEBUG;
				SWIFT_OPTIMIZATION_LEVEL = "-Onone";
			};
			name = Debug;
		};
		19C4D53A269DCEE3000AA6AF /* Release */ = {
			isa = XCBuildConfiguration;
			buildSettings = {
				ALWAYS_SEARCH_USER_PATHS = NO;
				CLANG_ANALYZER_NONNULL = YES;
				CLANG_ANALYZER_NUMBER_OBJECT_CONVERSION = YES_AGGRESSIVE;
				CLANG_CXX_LANGUAGE_STANDARD = "gnu++14";
				CLANG_CXX_LIBRARY = "libc++";
				CLANG_ENABLE_MODULES = YES;
				CLANG_ENABLE_OBJC_ARC = YES;
				CLANG_ENABLE_OBJC_WEAK = YES;
				CLANG_WARN_BLOCK_CAPTURE_AUTORELEASING = YES;
				CLANG_WARN_BOOL_CONVERSION = YES;
				CLANG_WARN_COMMA = YES;
				CLANG_WARN_CONSTANT_CONVERSION = YES;
				CLANG_WARN_DEPRECATED_OBJC_IMPLEMENTATIONS = YES;
				CLANG_WARN_DIRECT_OBJC_ISA_USAGE = YES_ERROR;
				CLANG_WARN_DOCUMENTATION_COMMENTS = YES;
				CLANG_WARN_EMPTY_BODY = YES;
				CLANG_WARN_ENUM_CONVERSION = YES;
				CLANG_WARN_INFINITE_RECURSION = YES;
				CLANG_WARN_INT_CONVERSION = YES;
				CLANG_WARN_NON_LITERAL_NULL_CONVERSION = YES;
				CLANG_WARN_OBJC_IMPLICIT_RETAIN_SELF = YES;
				CLANG_WARN_OBJC_LITERAL_CONVERSION = YES;
				CLANG_WARN_OBJC_ROOT_CLASS = YES_ERROR;
				CLANG_WARN_QUOTED_INCLUDE_IN_FRAMEWORK_HEADER = YES;
				CLANG_WARN_RANGE_LOOP_ANALYSIS = YES;
				CLANG_WARN_STRICT_PROTOTYPES = YES;
				CLANG_WARN_SUSPICIOUS_MOVE = YES;
				CLANG_WARN_UNGUARDED_AVAILABILITY = YES_AGGRESSIVE;
				CLANG_WARN_UNREACHABLE_CODE = YES;
				CLANG_WARN__DUPLICATE_METHOD_MATCH = YES;
				COPY_PHASE_STRIP = NO;
				DEBUG_INFORMATION_FORMAT = "dwarf-with-dsym";
				ENABLE_NS_ASSERTIONS = NO;
				ENABLE_STRICT_OBJC_MSGSEND = YES;
				GCC_C_LANGUAGE_STANDARD = gnu11;
				GCC_NO_COMMON_BLOCKS = YES;
				GCC_WARN_64_TO_32_BIT_CONVERSION = YES;
				GCC_WARN_ABOUT_RETURN_TYPE = YES_ERROR;
				GCC_WARN_UNDECLARED_SELECTOR = YES;
				GCC_WARN_UNINITIALIZED_AUTOS = YES_AGGRESSIVE;
				GCC_WARN_UNUSED_FUNCTION = YES;
				GCC_WARN_UNUSED_VARIABLE = YES;
				IPHONEOS_DEPLOYMENT_TARGET = 14.5;
				MTL_ENABLE_DEBUG_INFO = NO;
				MTL_FAST_MATH = YES;
				SDKROOT = iphoneos;
				SWIFT_COMPILATION_MODE = wholemodule;
				SWIFT_OPTIMIZATION_LEVEL = "-O";
				VALIDATE_PRODUCT = YES;
			};
			name = Release;
		};
		19C4D53C269DCEE3000AA6AF /* Debug */ = {
			isa = XCBuildConfiguration;
			buildSettings = {
				ASSETCATALOG_COMPILER_APPICON_NAME = AppIcon;
				ASSETCATALOG_COMPILER_GLOBAL_ACCENT_COLOR_NAME = AccentColor;
				CODE_SIGN_STYLE = Automatic;
				DEVELOPMENT_ASSET_PATHS = "\"ARBarcode/Preview Content\"";
				DEVELOPMENT_TEAM = TPB9SQGML5;
				ENABLE_PREVIEWS = YES;
				INFOPLIST_FILE = ARBarcode/Info.plist;
				LD_RUNPATH_SEARCH_PATHS = (
					"$(inherited)",
					"@executable_path/Frameworks",
				);
				PRODUCT_BUNDLE_IDENTIFIER = family.ding.ARBarcode;
				PRODUCT_NAME = "$(TARGET_NAME)";
				SWIFT_VERSION = 5.0;
				TARGETED_DEVICE_FAMILY = "1,2";
			};
			name = Debug;
		};
		19C4D53D269DCEE3000AA6AF /* Release */ = {
			isa = XCBuildConfiguration;
			buildSettings = {
				ASSETCATALOG_COMPILER_APPICON_NAME = AppIcon;
				ASSETCATALOG_COMPILER_GLOBAL_ACCENT_COLOR_NAME = AccentColor;
				CODE_SIGN_STYLE = Automatic;
				DEVELOPMENT_ASSET_PATHS = "\"ARBarcode/Preview Content\"";
				DEVELOPMENT_TEAM = TPB9SQGML5;
				ENABLE_PREVIEWS = YES;
				INFOPLIST_FILE = ARBarcode/Info.plist;
				LD_RUNPATH_SEARCH_PATHS = (
					"$(inherited)",
					"@executable_path/Frameworks",
				);
				PRODUCT_BUNDLE_IDENTIFIER = family.ding.ARBarcode;
				PRODUCT_NAME = "$(TARGET_NAME)";
				SWIFT_VERSION = 5.0;
				TARGETED_DEVICE_FAMILY = "1,2";
			};
			name = Release;
		};
		19C4D53F269DCEE3000AA6AF /* Debug */ = {
			isa = XCBuildConfiguration;
			buildSettings = {
				ALWAYS_EMBED_SWIFT_STANDARD_LIBRARIES = YES;
				BUNDLE_LOADER = "$(TEST_HOST)";
				CODE_SIGN_STYLE = Automatic;
				DEVELOPMENT_TEAM = TPB9SQGML5;
				INFOPLIST_FILE = ARBarcodeTests/Info.plist;
				IPHONEOS_DEPLOYMENT_TARGET = 14.5;
				LD_RUNPATH_SEARCH_PATHS = (
					"$(inherited)",
					"@executable_path/Frameworks",
					"@loader_path/Frameworks",
				);
				PRODUCT_BUNDLE_IDENTIFIER = family.ding.ARBarcodeTests;
				PRODUCT_NAME = "$(TARGET_NAME)";
				SWIFT_VERSION = 5.0;
				TARGETED_DEVICE_FAMILY = "1,2";
				TEST_HOST = "$(BUILT_PRODUCTS_DIR)/ARBarcode.app/ARBarcode";
			};
			name = Debug;
		};
		19C4D540269DCEE3000AA6AF /* Release */ = {
			isa = XCBuildConfiguration;
			buildSettings = {
				ALWAYS_EMBED_SWIFT_STANDARD_LIBRARIES = YES;
				BUNDLE_LOADER = "$(TEST_HOST)";
				CODE_SIGN_STYLE = Automatic;
				DEVELOPMENT_TEAM = TPB9SQGML5;
				INFOPLIST_FILE = ARBarcodeTests/Info.plist;
				IPHONEOS_DEPLOYMENT_TARGET = 14.5;
				LD_RUNPATH_SEARCH_PATHS = (
					"$(inherited)",
					"@executable_path/Frameworks",
					"@loader_path/Frameworks",
				);
				PRODUCT_BUNDLE_IDENTIFIER = family.ding.ARBarcodeTests;
				PRODUCT_NAME = "$(TARGET_NAME)";
				SWIFT_VERSION = 5.0;
				TARGETED_DEVICE_FAMILY = "1,2";
				TEST_HOST = "$(BUILT_PRODUCTS_DIR)/ARBarcode.app/ARBarcode";
			};
			name = Release;
		};
		19C4D542269DCEE3000AA6AF /* Debug */ = {
			isa = XCBuildConfiguration;
			buildSettings = {
				ALWAYS_EMBED_SWIFT_STANDARD_LIBRARIES = YES;
				CODE_SIGN_STYLE = Automatic;
				DEVELOPMENT_TEAM = TPB9SQGML5;
				INFOPLIST_FILE = ARBarcodeUITests/Info.plist;
				LD_RUNPATH_SEARCH_PATHS = (
					"$(inherited)",
					"@executable_path/Frameworks",
					"@loader_path/Frameworks",
				);
				PRODUCT_BUNDLE_IDENTIFIER = family.ding.ARBarcodeUITests;
				PRODUCT_NAME = "$(TARGET_NAME)";
				SWIFT_VERSION = 5.0;
				TARGETED_DEVICE_FAMILY = "1,2";
				TEST_TARGET_NAME = ARBarcode;
			};
			name = Debug;
		};
		19C4D543269DCEE3000AA6AF /* Release */ = {
			isa = XCBuildConfiguration;
			buildSettings = {
				ALWAYS_EMBED_SWIFT_STANDARD_LIBRARIES = YES;
				CODE_SIGN_STYLE = Automatic;
				DEVELOPMENT_TEAM = TPB9SQGML5;
				INFOPLIST_FILE = ARBarcodeUITests/Info.plist;
				LD_RUNPATH_SEARCH_PATHS = (
					"$(inherited)",
					"@executable_path/Frameworks",
					"@loader_path/Frameworks",
				);
				PRODUCT_BUNDLE_IDENTIFIER = family.ding.ARBarcodeUITests;
				PRODUCT_NAME = "$(TARGET_NAME)";
				SWIFT_VERSION = 5.0;
				TARGETED_DEVICE_FAMILY = "1,2";
				TEST_TARGET_NAME = ARBarcode;
			};
			name = Release;
		};
/* End XCBuildConfiguration section */

/* Begin XCConfigurationList section */
		19C4D50F269DCEDF000AA6AF /* Build configuration list for PBXProject "ARBarcode" */ = {
			isa = XCConfigurationList;
			buildConfigurations = (
				19C4D539269DCEE3000AA6AF /* Debug */,
				19C4D53A269DCEE3000AA6AF /* Release */,
			);
			defaultConfigurationIsVisible = 0;
			defaultConfigurationName = Release;
		};
		19C4D53B269DCEE3000AA6AF /* Build configuration list for PBXNativeTarget "ARBarcode" */ = {
			isa = XCConfigurationList;
			buildConfigurations = (
				19C4D53C269DCEE3000AA6AF /* Debug */,
				19C4D53D269DCEE3000AA6AF /* Release */,
			);
			defaultConfigurationIsVisible = 0;
			defaultConfigurationName = Release;
		};
		19C4D53E269DCEE3000AA6AF /* Build configuration list for PBXNativeTarget "ARBarcodeTests" */ = {
			isa = XCConfigurationList;
			buildConfigurations = (
				19C4D53F269DCEE3000AA6AF /* Debug */,
				19C4D540269DCEE3000AA6AF /* Release */,
			);
			defaultConfigurationIsVisible = 0;
			defaultConfigurationName = Release;
		};
		19C4D541269DCEE3000AA6AF /* Build configuration list for PBXNativeTarget "ARBarcodeUITests" */ = {
			isa = XCConfigurationList;
			buildConfigurations = (
				19C4D542269DCEE3000AA6AF /* Debug */,
				19C4D543269DCEE3000AA6AF /* Release */,
			);
			defaultConfigurationIsVisible = 0;
			defaultConfigurationName = Release;
		};
/* End XCConfigurationList section */
	};
	rootObject = 19C4D50C269DCEDF000AA6AF /* Project object */;
}
